
Microsoft Visual Studio Solution File, Format Version 12.00
# Visual Studio Version 16
VisualStudioVersion = 16.0.30804.86
MinimumVisualStudioVersion = 10.0.40219.1
Project("{9A19103F-16F7-4668-BE54-9A1E7A4F7556}") = "MongoShop", "MongoShop\MongoShop.csproj", "{335B0388-B806-49BF-9F76-8230E64138BB}"
EndProject
Project("{9A19103F-16F7-4668-BE54-9A1E7A4F7556}") = "MongoShop.BusinessDomain", "MongoShop.BusinessDomain\MongoShop.BusinessDomain.csproj", "{D597A1E3-6D60-4F27-A731-3313DBE6C1E0}"
EndProject
Project("{9A19103F-16F7-4668-BE54-9A1E7A4F7556}") = "MongoShop.UI", "MongoShop.UI\MongoShop.UI.csproj", "{56AEBB3B-DBD1-43D4-AA88-145707D31A68}"
EndProject
Project("{9A19103F-16F7-4668-BE54-9A1E7A4F7556}") = "MongoShop.Server", "MongoShop.Server\MongoShop.Server.csproj", "{2E24BEA4-CDBF-4076-AE57-A6E8E33350D2}"
EndProject
Project("{9A19103F-16F7-4668-BE54-9A1E7A4F7556}") = "MongoShop.Infrastructure", "MongoShop.Infrastructure\MongoShop.Infrastructure.csproj", "{FD36C2E9-415C-43A7-9792-EE83BCC55D0B}"
EndProject
Project("{9A19103F-16F7-4668-BE54-9A1E7A4F7556}") = "MongoShop.PerformDBTask", "MongoShop.PerformDBTask\MongoShop.PerformDBTask.csproj", "{123E0AE7-67E0-4650-9FF3-7E57E9234AF1}"
EndProject
Project("{FAE04EC0-301F-11D3-BF4B-00C04F79EFBC}") = "MongoShop.ElasticSearch.Indexer", "MongoShop.ElasticSearch.Indexer\MongoShop.ElasticSearch.Indexer.csproj", "{F0642149-E8F9-4A21-BF41-505EBB89CF1E}"
EndProject
Global
	GlobalSection(SolutionConfigurationPlatforms) = preSolution
		Debug|Any CPU = Debug|Any CPU
		Release|Any CPU = Release|Any CPU
	EndGlobalSection
	GlobalSection(ProjectConfigurationPlatforms) = postSolution
		{335B0388-B806-49BF-9F76-8230E64138BB}.Debug|Any CPU.ActiveCfg = Debug|Any CPU
		{335B0388-B806-49BF-9F76-8230E64138BB}.Debug|Any CPU.Build.0 = Debug|Any CPU
		{335B0388-B806-49BF-9F76-8230E64138BB}.Release|Any CPU.ActiveCfg = Release|Any CPU
		{335B0388-B806-49BF-9F76-8230E64138BB}.Release|Any CPU.Build.0 = Release|Any CPU
		{D597A1E3-6D60-4F27-A731-3313DBE6C1E0}.Debug|Any CPU.ActiveCfg = Debug|Any CPU
		{D597A1E3-6D60-4F27-A731-3313DBE6C1E0}.Debug|Any CPU.Build.0 = Debug|Any CPU
		{D597A1E3-6D60-4F27-A731-3313DBE6C1E0}.Release|Any CPU.ActiveCfg = Release|Any CPU
		{D597A1E3-6D60-4F27-A731-3313DBE6C1E0}.Release|Any CPU.Build.0 = Release|Any CPU
		{56AEBB3B-DBD1-43D4-AA88-145707D31A68}.Debug|Any CPU.ActiveCfg = Debug|Any CPU
		{56AEBB3B-DBD1-43D4-AA88-145707D31A68}.Debug|Any CPU.Build.0 = Debug|Any CPU
		{56AEBB3B-DBD1-43D4-AA88-145707D31A68}.Release|Any CPU.ActiveCfg = Release|Any CPU
		{56AEBB3B-DBD1-43D4-AA88-145707D31A68}.Release|Any CPU.Build.0 = Release|Any CPU
		{2E24BEA4-CDBF-4076-AE57-A6E8E33350D2}.Debug|Any CPU.ActiveCfg = Debug|Any CPU
		{2E24BEA4-CDBF-4076-AE57-A6E8E33350D2}.Debug|Any CPU.Build.0 = Debug|Any CPU
		{2E24BEA4-CDBF-4076-AE57-A6E8E33350D2}.Release|Any CPU.ActiveCfg = Release|Any CPU
		{2E24BEA4-CDBF-4076-AE57-A6E8E33350D2}.Release|Any CPU.Build.0 = Release|Any CPU
		{FD36C2E9-415C-43A7-9792-EE83BCC55D0B}.Debug|Any CPU.ActiveCfg = Debug|Any CPU
		{FD36C2E9-415C-43A7-9792-EE83BCC55D0B}.Debug|Any CPU.Build.0 = Debug|Any CPU
		{FD36C2E9-415C-43A7-9792-EE83BCC55D0B}.Release|Any CPU.ActiveCfg = Release|Any CPU
		{FD36C2E9-415C-43A7-9792-EE83BCC55D0B}.Release|Any CPU.Build.0 = Release|Any CPU
		{123E0AE7-67E0-4650-9FF3-7E57E9234AF1}.Debug|Any CPU.ActiveCfg = Debug|Any CPU
		{123E0AE7-67E0-4650-9FF3-7E57E9234AF1}.Debug|Any CPU.Build.0 = Debug|Any CPU
		{123E0AE7-67E0-4650-9FF3-7E57E9234AF1}.Release|Any CPU.ActiveCfg = Release|Any CPU
		{123E0AE7-67E0-4650-9FF3-7E57E9234AF1}.Release|Any CPU.Build.0 = Release|Any CPU
		{F0642149-E8F9-4A21-BF41-505EBB89CF1E}.Debug|Any CPU.ActiveCfg = Debug|Any CPU
		{F0642149-E8F9-4A21-BF41-505EBB89CF1E}.Debug|Any CPU.Build.0 = Debug|Any CPU
		{F0642149-E8F9-4A21-BF41-505EBB89CF1E}.Release|Any CPU.ActiveCfg = Release|Any CPU
		{F0642149-E8F9-4A21-BF41-505EBB89CF1E}.Release|Any CPU.Build.0 = Release|Any CPU
	EndGlobalSection
	GlobalSection(SolutionProperties) = preSolution
		HideSolutionNode = FALSE
	EndGlobalSection
	GlobalSection(ExtensibilityGlobals) = postSolution
		SolutionGuid = {BCEED4A9-5B95-4A33-AE01-2D6FDC65777A}
	EndGlobalSection
EndGlobal
